
Microsoft Visual Studio Solution File, Format Version 12.00
# Visual Studio 15
VisualStudioVersion = 15.0.28307.572
MinimumVisualStudioVersion = 10.0.40219.1
Project("{FAE04EC0-301F-11D3-BF4B-00C04F79EFBC}") = "SimpleApplication", "SimpleApplication\SimpleApplication.csproj", "{0E36DB24-C3E7-4178-BDA8-7304E26CD27C}"
EndProject
Global
	GlobalSection(SolutionConfigurationPlatforms) = preSolution
		Debug|Any CPU = Debug|Any CPU
		Release|Any CPU = Release|Any CPU
	EndGlobalSection
	GlobalSection(ProjectConfigurationPlatforms) = postSolution
		{0E36DB24-C3E7-4178-BDA8-7304E26CD27C}.Debug|Any CPU.ActiveCfg = Debug|Any CPU
		{0E36DB24-C3E7-4178-BDA8-7304E26CD27C}.Debug|Any CPU.Build.0 = Debug|Any CPU
		{0E36DB24-C3E7-4178-BDA8-7304E26CD27C}.Release|Any CPU.ActiveCfg = Release|Any CPU
		{0E36DB24-C3E7-4178-BDA8-7304E26CD27C}.Release|Any CPU.Build.0 = Release|Any CPU
	EndGlobalSection
	GlobalSection(SolutionProperties) = preSolution
		HideSolutionNode = FALSE
	EndGlobalSection
	GlobalSection(ExtensibilityGlobals) = postSolution
		SolutionGuid = {041B356E-FA8F-4BB4-9973-5D98D7B591FE}
	EndGlobalSection
EndGlobal
